// !$*UTF8*$!
{
	archiveVersion = 1;
	classes = {
	};
	objectVersion = 46;
	objects = {

/* Begin PBXBuildFile section */
		D73E94851ECE84B9002C8861 /* main.m in Sources */ = {isa = PBXBuildFile; fileRef = D73E94841ECE84B9002C8861 /* main.m */; };
		D73E94881ECE84B9002C8861 /* AppDelegate.m in Sources */ = {isa = PBXBuildFile; fileRef = D73E94871ECE84B9002C8861 /* AppDelegate.m */; };
		D73E948B1ECE84B9002C8861 /* ViewController.m in Sources */ = {isa = PBXBuildFile; fileRef = D73E948A1ECE84B9002C8861 /* ViewController.m */; };
		D73E948E1ECE84B9002C8861 /* Main.storyboard in Resources */ = {isa = PBXBuildFile; fileRef = D73E948C1ECE84B9002C8861 /* Main.storyboard */; };
		D73E94901ECE84B9002C8861 /* Assets.xcassets in Resources */ = {isa = PBXBuildFile; fileRef = D73E948F1ECE84B9002C8861 /* Assets.xcassets */; };
		D73E94931ECE84B9002C8861 /* LaunchScreen.storyboard in Resources */ = {isa = PBXBuildFile; fileRef = D73E94911ECE84B9002C8861 /* LaunchScreen.storyboard */; };
		D73E949E1ECE84B9002C8861 /* HBProgressHUDdemoTests.m in Sources */ = {isa = PBXBuildFile; fileRef = D73E949D1ECE84B9002C8861 /* HBProgressHUDdemoTests.m */; };
		D73E94A91ECE84B9002C8861 /* HBProgressHUDdemoUITests.m in Sources */ = {isa = PBXBuildFile; fileRef = D73E94A81ECE84B9002C8861 /* HBProgressHUDdemoUITests.m */; };
		D73E94BD1ECE84DE002C8861 /* HBProgress.m in Sources */ = {isa = PBXBuildFile; fileRef = D73E94B81ECE84DE002C8861 /* HBProgress.m */; };
		D73E94BE1ECE84DE002C8861 /* HBProgress.png in Resources */ = {isa = PBXBuildFile; fileRef = D73E94B91ECE84DE002C8861 /* HBProgress.png */; };
/* End PBXBuildFile section */

/* Begin PBXContainerItemProxy section */
		D73E949A1ECE84B9002C8861 /* PBXContainerItemProxy */ = {
			isa = PBXContainerItemProxy;
			containerPortal = D73E94781ECE84B9002C8861 /* Project object */;
			proxyType = 1;
			remoteGlobalIDString = D73E947F1ECE84B9002C8861;
			remoteInfo = HBProgressHUDdemo;
		};
		D73E94A51ECE84B9002C8861 /* PBXContainerItemProxy */ = {
			isa = PBXContainerItemProxy;
			containerPortal = D73E94781ECE84B9002C8861 /* Project object */;
			proxyType = 1;
			remoteGlobalIDString = D73E947F1ECE84B9002C8861;
			remoteInfo = HBProgressHUDdemo;
		};
/* End PBXContainerItemProxy section */

/* Begin PBXFileReference section */
		D73E94801ECE84B9002C8861 /* HBProgressHUDdemo.app */ = {isa = PBXFileReference; explicitFileType = wrapper.application; includeInIndex = 0; path = HBProgressHUDdemo.app; sourceTree = BUILT_PRODUCTS_DIR; };
		D73E94841ECE84B9002C8861 /* main.m */ = {isa = PBXFileReference; lastKnownFileType = sourcecode.c.objc; path = main.m; sourceTree = "<group>"; };
		D73E94861ECE84B9002C8861 /* AppDelegate.h */ = {isa = PBXFileReference; lastKnownFileType = sourcecode.c.h; path = AppDelegate.h; sourceTree = "<group>"; };
		D73E94871ECE84B9002C8861 /* AppDelegate.m */ = {isa = PBXFileReference; lastKnownFileType = sourcecode.c.objc; path = AppDelegate.m; sourceTree = "<group>"; };
		D73E94891ECE84B9002C8861 /* ViewController.h */ = {isa = PBXFileReference; lastKnownFileType = sourcecode.c.h; path = ViewController.h; sourceTree = "<group>"; };
		D73E948A1ECE84B9002C8861 /* ViewController.m */ = {isa = PBXFileReference; lastKnownFileType = sourcecode.c.objc; path = ViewController.m; sourceTree = "<group>"; };
		D73E948D1ECE84B9002C8861 /* Base */ = {isa = PBXFileReference; lastKnownFileType = file.storyboard; name = Base; path = Base.lproj/Main.storyboard; sourceTree = "<group>"; };
		D73E948F1ECE84B9002C8861 /* Assets.xcassets */ = {isa = PBXFileReference; lastKnownFileType = folder.assetcatalog; path = Assets.xcassets; sourceTree = "<group>"; };
		D73E94921ECE84B9002C8861 /* Base */ = {isa = PBXFileReference; lastKnownFileType = file.storyboard; name = Base; path = Base.lproj/LaunchScreen.storyboard; sourceTree = "<group>"; };
		D73E94941ECE84B9002C8861 /* Info.plist */ = {isa = PBXFileReference; lastKnownFileType = text.plist.xml; path = Info.plist; sourceTree = "<group>"; };
		D73E94991ECE84B9002C8861 /* HBProgressHUDdemoTests.xctest */ = {isa = PBXFileReference; explicitFileType = wrapper.cfbundle; includeInIndex = 0; path = HBProgressHUDdemoTests.xctest; sourceTree = BUILT_PRODUCTS_DIR; };
		D73E949D1ECE84B9002C8861 /* HBProgressHUDdemoTests.m */ = {isa = PBXFileReference; lastKnownFileType = sourcecode.c.objc; path = HBProgressHUDdemoTests.m; sourceTree = "<group>"; };
		D73E949F1ECE84B9002C8861 /* Info.plist */ = {isa = PBXFileReference; lastKnownFileType = text.plist.xml; path = Info.plist; sourceTree = "<group>"; };
		D73E94A41ECE84B9002C8861 /* HBProgressHUDdemoUITests.xctest */ = {isa = PBXFileReference; explicitFileType = wrapper.cfbundle; includeInIndex = 0; path = HBProgressHUDdemoUITests.xctest; sourceTree = BUILT_PRODUCTS_DIR; };
		D73E94A81ECE84B9002C8861 /* HBProgressHUDdemoUITests.m */ = {isa = PBXFileReference; lastKnownFileType = sourcecode.c.objc; path = HBProgressHUDdemoUITests.m; sourceTree = "<group>"; };
		D73E94AA1ECE84B9002C8861 /* Info.plist */ = {isa = PBXFileReference; lastKnownFileType = text.plist.xml; path = Info.plist; sourceTree = "<group>"; };
		D73E94B71ECE84DE002C8861 /* HBProgress.h */ = {isa = PBXFileReference; fileEncoding = 4; lastKnownFileType = sourcecode.c.h; path = HBProgress.h; sourceTree = "<group>"; };
		D73E94B81ECE84DE002C8861 /* HBProgress.m */ = {isa = PBXFileReference; fileEncoding = 4; lastKnownFileType = sourcecode.c.objc; path = HBProgress.m; sourceTree = "<group>"; };
		D73E94B91ECE84DE002C8861 /* HBProgress.png */ = {isa = PBXFileReference; lastKnownFileType = image.png; path = HBProgress.png; sourceTree = "<group>"; };
/* End PBXFileReference section */

/* Begin PBXFrameworksBuildPhase section */
		D73E947D1ECE84B9002C8861 /* Frameworks */ = {
			isa = PBXFrameworksBuildPhase;
			buildActionMask = 2147483647;
			files = (
			);
			runOnlyForDeploymentPostprocessing = 0;
		};
		D73E94961ECE84B9002C8861 /* Frameworks */ = {
			isa = PBXFrameworksBuildPhase;
			buildActionMask = 2147483647;
			files = (
			);
			runOnlyForDeploymentPostprocessing = 0;
		};
		D73E94A11ECE84B9002C8861 /* Frameworks */ = {
			isa = PBXFrameworksBuildPhase;
			buildActionMask = 2147483647;
			files = (
			);
			runOnlyForDeploymentPostprocessing = 0;
		};
/* End PBXFrameworksBuildPhase section */

/* Begin PBXGroup section */
		D73E94771ECE84B9002C8861 = {
			isa = PBXGroup;
			children = (
				D73E94821ECE84B9002C8861 /* HBProgressHUDdemo */,
				D73E949C1ECE84B9002C8861 /* HBProgressHUDdemoTests */,
				D73E94A71ECE84B9002C8861 /* HBProgressHUDdemoUITests */,
				D73E94811ECE84B9002C8861 /* Products */,
			);
			sourceTree = "<group>";
		};
		D73E94811ECE84B9002C8861 /* Products */ = {
			isa = PBXGroup;
			children = (
				D73E94801ECE84B9002C8861 /* HBProgressHUDdemo.app */,
				D73E94991ECE84B9002C8861 /* HBProgressHUDdemoTests.xctest */,
				D73E94A41ECE84B9002C8861 /* HBProgressHUDdemoUITests.xctest */,
			);
			name = Products;
			sourceTree = "<group>";
		};
		D73E94821ECE84B9002C8861 /* HBProgressHUDdemo */ = {
			isa = PBXGroup;
			children = (
				D73E94861ECE84B9002C8861 /* AppDelegate.h */,
				D73E94871ECE84B9002C8861 /* AppDelegate.m */,
				D73E94891ECE84B9002C8861 /* ViewController.h */,
				D73E948A1ECE84B9002C8861 /* ViewController.m */,
				D73E948C1ECE84B9002C8861 /* Main.storyboard */,
				D73E948F1ECE84B9002C8861 /* Assets.xcassets */,
				D73E94911ECE84B9002C8861 /* LaunchScreen.storyboard */,
				D73E94941ECE84B9002C8861 /* Info.plist */,
				D73E94831ECE84B9002C8861 /* Supporting Files */,
			);
			path = HBProgressHUDdemo;
			sourceTree = "<group>";
		};
		D73E94831ECE84B9002C8861 /* Supporting Files */ = {
			isa = PBXGroup;
			children = (
				D73E94B61ECE84DE002C8861 /* HBProgress */,
				D73E94841ECE84B9002C8861 /* main.m */,
			);
			name = "Supporting Files";
			sourceTree = "<group>";
		};
		D73E949C1ECE84B9002C8861 /* HBProgressHUDdemoTests */ = {
			isa = PBXGroup;
			children = (
				D73E949D1ECE84B9002C8861 /* HBProgressHUDdemoTests.m */,
				D73E949F1ECE84B9002C8861 /* Info.plist */,
			);
			path = HBProgressHUDdemoTests;
			sourceTree = "<group>";
		};
		D73E94A71ECE84B9002C8861 /* HBProgressHUDdemoUITests */ = {
			isa = PBXGroup;
			children = (
				D73E94A81ECE84B9002C8861 /* HBProgressHUDdemoUITests.m */,
				D73E94AA1ECE84B9002C8861 /* Info.plist */,
			);
			path = HBProgressHUDdemoUITests;
			sourceTree = "<group>";
		};
		D73E94B61ECE84DE002C8861 /* HBProgress */ = {
			isa = PBXGroup;
			children = (
				D73E94B71ECE84DE002C8861 /* HBProgress.h */,
				D73E94B81ECE84DE002C8861 /* HBProgress.m */,
				D73E94B91ECE84DE002C8861 /* HBProgress.png */,
				D73E94BC1ECE84DE002C8861 /* ptotoBrowser */,
			);
			path = HBProgress;
			sourceTree = "<group>";
		};
		D73E94BC1ECE84DE002C8861 /* ptotoBrowser */ = {
			isa = PBXGroup;
			children = (
			);
			path = ptotoBrowser;
			sourceTree = "<group>";
		};
/* End PBXGroup section */

/* Begin PBXNativeTarget section */
		D73E947F1ECE84B9002C8861 /* HBProgressHUDdemo */ = {
			isa = PBXNativeTarget;
			buildConfigurationList = D73E94AD1ECE84B9002C8861 /* Build configuration list for PBXNativeTarget "HBProgressHUDdemo" */;
			buildPhases = (
				D73E947C1ECE84B9002C8861 /* Sources */,
				D73E947D1ECE84B9002C8861 /* Frameworks */,
				D73E947E1ECE84B9002C8861 /* Resources */,
			);
			buildRules = (
			);
			dependencies = (
			);
			name = HBProgressHUDdemo;
			productName = HBProgressHUDdemo;
			productReference = D73E94801ECE84B9002C8861 /* HBProgressHUDdemo.app */;
			productType = "com.apple.product-type.application";
		};
		D73E94981ECE84B9002C8861 /* HBProgressHUDdemoTests */ = {
			isa = PBXNativeTarget;
			buildConfigurationList = D73E94B01ECE84B9002C8861 /* Build configuration list for PBXNativeTarget "HBProgressHUDdemoTests" */;
			buildPhases = (
				D73E94951ECE84B9002C8861 /* Sources */,
				D73E94961ECE84B9002C8861 /* Frameworks */,
				D73E94971ECE84B9002C8861 /* Resources */,
			);
			buildRules = (
			);
			dependencies = (
				D73E949B1ECE84B9002C8861 /* PBXTargetDependency */,
			);
			name = HBProgressHUDdemoTests;
			productName = HBProgressHUDdemoTests;
			productReference = D73E94991ECE84B9002C8861 /* HBProgressHUDdemoTests.xctest */;
			productType = "com.apple.product-type.bundle.unit-test";
		};
		D73E94A31ECE84B9002C8861 /* HBProgressHUDdemoUITests */ = {
			isa = PBXNativeTarget;
			buildConfigurationList = D73E94B31ECE84B9002C8861 /* Build configuration list for PBXNativeTarget "HBProgressHUDdemoUITests" */;
			buildPhases = (
				D73E94A01ECE84B9002C8861 /* Sources */,
				D73E94A11ECE84B9002C8861 /* Frameworks */,
				D73E94A21ECE84B9002C8861 /* Resources */,
			);
			buildRules = (
			);
			dependencies = (
				D73E94A61ECE84B9002C8861 /* PBXTargetDependency */,
			);
			name = HBProgressHUDdemoUITests;
			productName = HBProgressHUDdemoUITests;
			productReference = D73E94A41ECE84B9002C8861 /* HBProgressHUDdemoUITests.xctest */;
			productType = "com.apple.product-type.bundle.ui-testing";
		};
/* End PBXNativeTarget section */

/* Begin PBXProject section */
		D73E94781ECE84B9002C8861 /* Project object */ = {
			isa = PBXProject;
			attributes = {
				LastUpgradeCheck = 0830;
				ORGANIZATIONNAME = dev;
				TargetAttributes = {
					D73E947F1ECE84B9002C8861 = {
						CreatedOnToolsVersion = 8.3.2;
						ProvisioningStyle = Automatic;
					};
					D73E94981ECE84B9002C8861 = {
						CreatedOnToolsVersion = 8.3.2;
						ProvisioningStyle = Automatic;
						TestTargetID = D73E947F1ECE84B9002C8861;
					};
					D73E94A31ECE84B9002C8861 = {
						CreatedOnToolsVersion = 8.3.2;
						ProvisioningStyle = Automatic;
						TestTargetID = D73E947F1ECE84B9002C8861;
					};
				};
			};
			buildConfigurationList = D73E947B1ECE84B9002C8861 /* Build configuration list for PBXProject "HBProgressHUDdemo" */;
			compatibilityVersion = "Xcode 3.2";
			developmentRegion = English;
			hasScannedForEncodings = 0;
			knownRegions = (
				en,
				Base,
			);
			mainGroup = D73E94771ECE84B9002C8861;
			productRefGroup = D73E94811ECE84B9002C8861 /* Products */;
			projectDirPath = "";
			projectRoot = "";
			targets = (
				D73E947F1ECE84B9002C8861 /* HBProgressHUDdemo */,
				D73E94981ECE84B9002C8861 /* HBProgressHUDdemoTests */,
				D73E94A31ECE84B9002C8861 /* HBProgressHUDdemoUITests */,
			);
		};
/* End PBXProject section */

/* Begin PBXResourcesBuildPhase section */
		D73E947E1ECE84B9002C8861 /* Resources */ = {
			isa = PBXResourcesBuildPhase;
			buildActionMask = 2147483647;
			files = (
				D73E94BE1ECE84DE002C8861 /* HBProgress.png in Resources */,
				D73E94931ECE84B9002C8861 /* LaunchScreen.storyboard in Resources */,
				D73E94901ECE84B9002C8861 /* Assets.xcassets in Resources */,
				D73E948E1ECE84B9002C8861 /* Main.storyboard in Resources */,
			);
			runOnlyForDeploymentPostprocessing = 0;
		};
		D73E94971ECE84B9002C8861 /* Resources */ = {
			isa = PBXResourcesBuildPhase;
			buildActionMask = 2147483647;
			files = (
			);
			runOnlyForDeploymentPostprocessing = 0;
		};
		D73E94A21ECE84B9002C8861 /* Resources */ = {
			isa = PBXResourcesBuildPhase;
			buildActionMask = 2147483647;
			files = (
			);
			runOnlyForDeploymentPostprocessing = 0;
		};
/* End PBXResourcesBuildPhase section */

/* Begin PBXSourcesBuildPhase section */
		D73E947C1ECE84B9002C8861 /* Sources */ = {
			isa = PBXSourcesBuildPhase;
			buildActionMask = 2147483647;
			files = (
				D73E948B1ECE84B9002C8861 /* ViewController.m in Sources */,
				D73E94881ECE84B9002C8861 /* AppDelegate.m in Sources */,
				D73E94BD1ECE84DE002C8861 /* HBProgress.m in Sources */,
				D73E94851ECE84B9002C8861 /* main.m in Sources */,
			);
			runOnlyForDeploymentPostprocessing = 0;
		};
		D73E94951ECE84B9002C8861 /* Sources */ = {
			isa = PBXSourcesBuildPhase;
			buildActionMask = 2147483647;
			files = (
				D73E949E1ECE84B9002C8861 /* HBProgressHUDdemoTests.m in Sources */,
			);
			runOnlyForDeploymentPostprocessing = 0;
		};
		D73E94A01ECE84B9002C8861 /* Sources */ = {
			isa = PBXSourcesBuildPhase;
			buildActionMask = 2147483647;
			files = (
				D73E94A91ECE84B9002C8861 /* HBProgressHUDdemoUITests.m in Sources */,
			);
			runOnlyForDeploymentPostprocessing = 0;
		};
/* End PBXSourcesBuildPhase section */

/* Begin PBXTargetDependency section */
		D73E949B1ECE84B9002C8861 /* PBXTargetDependency */ = {
			isa = PBXTargetDependency;
			target = D73E947F1ECE84B9002C8861 /* HBProgressHUDdemo */;
			targetProxy = D73E949A1ECE84B9002C8861 /* PBXContainerItemProxy */;
		};
		D73E94A61ECE84B9002C8861 /* PBXTargetDependency */ = {
			isa = PBXTargetDependency;
			target = D73E947F1ECE84B9002C8861 /* HBProgressHUDdemo */;
			targetProxy = D73E94A51ECE84B9002C8861 /* PBXContainerItemProxy */;
		};
/* End PBXTargetDependency section */

/* Begin PBXVariantGroup section */
		D73E948C1ECE84B9002C8861 /* Main.storyboard */ = {
			isa = PBXVariantGroup;
			children = (
				D73E948D1ECE84B9002C8861 /* Base */,
			);
			name = Main.storyboard;
			sourceTree = "<group>";
		};
		D73E94911ECE84B9002C8861 /* LaunchScreen.storyboard */ = {
			isa = PBXVariantGroup;
			children = (
				D73E94921ECE84B9002C8861 /* Base */,
			);
			name = LaunchScreen.storyboard;
			sourceTree = "<group>";
		};
/* End PBXVariantGroup section */

/* Begin XCBuildConfiguration section */
		D73E94AB1ECE84B9002C8861 /* Debug */ = {
			isa = XCBuildConfiguration;
			buildSettings = {
				ALWAYS_SEARCH_USER_PATHS = NO;
				CLANG_ANALYZER_NONNULL = YES;
				CLANG_ANALYZER_NUMBER_OBJECT_CONVERSION = YES_AGGRESSIVE;
				CLANG_CXX_LANGUAGE_STANDARD = "gnu++0x";
				CLANG_CXX_LIBRARY = "libc++";
				CLANG_ENABLE_MODULES = YES;
				CLANG_ENABLE_OBJC_ARC = YES;
				CLANG_WARN_BOOL_CONVERSION = YES;
				CLANG_WARN_CONSTANT_CONVERSION = YES;
				CLANG_WARN_DIRECT_OBJC_ISA_USAGE = YES_ERROR;
				CLANG_WARN_DOCUMENTATION_COMMENTS = YES;
				CLANG_WARN_EMPTY_BODY = YES;
				CLANG_WARN_ENUM_CONVERSION = YES;
				CLANG_WARN_INFINITE_RECURSION = YES;
				CLANG_WARN_INT_CONVERSION = YES;
				CLANG_WARN_OBJC_ROOT_CLASS = YES_ERROR;
				CLANG_WARN_SUSPICIOUS_MOVE = YES;
				CLANG_WARN_UNREACHABLE_CODE = YES;
				CLANG_WARN__DUPLICATE_METHOD_MATCH = YES;
				"CODE_SIGN_IDENTITY[sdk=iphoneos*]" = "iPhone Developer";
				COPY_PHASE_STRIP = NO;
				DEBUG_INFORMATION_FORMAT = dwarf;
				ENABLE_STRICT_OBJC_MSGSEND = YES;
				ENABLE_TESTABILITY = YES;
				GCC_C_LANGUAGE_STANDARD = gnu99;
				GCC_DYNAMIC_NO_PIC = NO;
				GCC_NO_COMMON_BLOCKS = YES;
				GCC_OPTIMIZATION_LEVEL = 0;
				GCC_PREPROCESSOR_DEFINITIONS = (
					"DEBUG=1",
					"$(inherited)",
				);
				GCC_WARN_64_TO_32_BIT_CONVERSION = YES;
				GCC_WARN_ABOUT_RETURN_TYPE = YES_ERROR;
				GCC_WARN_UNDECLARED_SELECTOR = YES;
				GCC_WARN_UNINITIALIZED_AUTOS = YES_AGGRESSIVE;
				GCC_WARN_UNUSED_FUNCTION = YES;
				GCC_WARN_UNUSED_VARIABLE = YES;
				IPHONEOS_DEPLOYMENT_TARGET = 10.3;
				MTL_ENABLE_DEBUG_INFO = YES;
				ONLY_ACTIVE_ARCH = YES;
				SDKROOT = iphoneos;
			};
			name = Debug;
		};
		D73E94AC1ECE84B9002C8861 /* Release */ = {
			isa = XCBuildConfiguration;
			buildSettings = {
				ALWAYS_SEARCH_USER_PATHS = NO;
				CLANG_ANALYZER_NONNULL = YES;
				CLANG_ANALYZER_NUMBER_OBJECT_CONVERSION = YES_AGGRESSIVE;
				CLANG_CXX_LANGUAGE_STANDARD = "gnu++0x";
				CLANG_CXX_LIBRARY = "libc++";
				CLANG_ENABLE_MODULES = YES;
				CLANG_ENABLE_OBJC_ARC = YES;
				CLANG_WARN_BOOL_CONVERSION = YES;
				CLANG_WARN_CONSTANT_CONVERSION = YES;
				CLANG_WARN_DIRECT_OBJC_ISA_USAGE = YES_ERROR;
				CLANG_WARN_DOCUMENTATION_COMMENTS = YES;
				CLANG_WARN_EMPTY_BODY = YES;
				CLANG_WARN_ENUM_CONVERSION = YES;
				CLANG_WARN_INFINITE_RECURSION = YES;
				CLANG_WARN_INT_CONVERSION = YES;
				CLANG_WARN_OBJC_ROOT_CLASS = YES_ERROR;
				CLANG_WARN_SUSPICIOUS_MOVE = YES;
				CLANG_WARN_UNREACHABLE_CODE = YES;
				CLANG_WARN__DUPLICATE_METHOD_MATCH = YES;
				"CODE_SIGN_IDENTITY[sdk=iphoneos*]" = "iPhone Developer";
				COPY_PHASE_STRIP = NO;
				DEBUG_INFORMATION_FORMAT = "dwarf-with-dsym";
				ENABLE_NS_ASSERTIONS = NO;
				ENABLE_STRICT_OBJC_MSGSEND = YES;
				GCC_C_LANGUAGE_STANDARD = gnu99;
				GCC_NO_COMMON_BLOCKS = YES;
				GCC_WARN_64_TO_32_BIT_CONVERSION = YES;
				GCC_WARN_ABOUT_RETURN_TYPE = YES_ERROR;
				GCC_WARN_UNDECLARED_SELECTOR = YES;
				GCC_WARN_UNINITIALIZED_AUTOS = YES_AGGRESSIVE;
				GCC_WARN_UNUSED_FUNCTION = YES;
				GCC_WARN_UNUSED_VARIABLE = YES;
				IPHONEOS_DEPLOYMENT_TARGET = 10.3;
				MTL_ENABLE_DEBUG_INFO = NO;
				SDKROOT = iphoneos;
				VALIDATE_PRODUCT = YES;
			};
			name = Release;
		};
		D73E94AE1ECE84B9002C8861 /* Debug */ = {
			isa = XCBuildConfiguration;
			buildSettings = {
				ASSETCATALOG_COMPILER_APPICON_NAME = AppIcon;
				INFOPLIST_FILE = HBProgressHUDdemo/Info.plist;
				LD_RUNPATH_SEARCH_PATHS = "$(inherited) @executable_path/Frameworks";
				PRODUCT_BUNDLE_IDENTIFIER = com.tianjian.HBProgressHUDdemo;
				PRODUCT_NAME = "$(TARGET_NAME)";
			};
			name = Debug;
		};
		D73E94AF1ECE84B9002C8861 /* Release */ = {
			isa = XCBuildConfiguration;
			buildSettings = {
				ASSETCATALOG_COMPILER_APPICON_NAME = AppIcon;
				INFOPLIST_FILE = HBProgressHUDdemo/Info.plist;
				LD_RUNPATH_SEARCH_PATHS = "$(inherited) @executable_path/Frameworks";
				PRODUCT_BUNDLE_IDENTIFIER = com.tianjian.HBProgressHUDdemo;
				PRODUCT_NAME = "$(TARGET_NAME)";
			};
			name = Release;
		};
		D73E94B11ECE84B9002C8861 /* Debug */ = {
			isa = XCBuildConfiguration;
			buildSettings = {
				BUNDLE_LOADER = "$(TEST_HOST)";
				INFOPLIST_FILE = HBProgressHUDdemoTests/Info.plist;
				LD_RUNPATH_SEARCH_PATHS = "$(inherited) @executable_path/Frameworks @loader_path/Frameworks";
				PRODUCT_BUNDLE_IDENTIFIER = com.tianjian.HBProgressHUDdemoTests;
				PRODUCT_NAME = "$(TARGET_NAME)";
				TEST_HOST = "$(BUILT_PRODUCTS_DIR)/HBProgressHUDdemo.app/HBProgressHUDdemo";
			};
			name = Debug;
		};
		D73E94B21ECE84B9002C8861 /* Release */ = {
			isa = XCBuildConfiguration;
			buildSettings = {
				BUNDLE_LOADER = "$(TEST_HOST)";
				INFOPLIST_FILE = HBProgressHUDdemoTests/Info.plist;
				LD_RUNPATH_SEARCH_PATHS = "$(inherited) @executable_path/Frameworks @loader_path/Frameworks";
				PRODUCT_BUNDLE_IDENTIFIER = com.tianjian.HBProgressHUDdemoTests;
				PRODUCT_NAME = "$(TARGET_NAME)";
				TEST_HOST = "$(BUILT_PRODUCTS_DIR)/HBProgressHUDdemo.app/HBProgressHUDdemo";
			};
			name = Release;
		};
		D73E94B41ECE84B9002C8861 /* Debug */ = {
			isa = XCBuildConfiguration;
			buildSettings = {
				INFOPLIST_FILE = HBProgressHUDdemoUITests/Info.plist;
				LD_RUNPATH_SEARCH_PATHS = "$(inherited) @executable_path/Frameworks @loader_path/Frameworks";
				PRODUCT_BUNDLE_IDENTIFIER = com.tianjian.HBProgressHUDdemoUITests;
				PRODUCT_NAME = "$(TARGET_NAME)";
				TEST_TARGET_NAME = HBProgressHUDdemo;
			};
			name = Debug;
		};
		D73E94B51ECE84B9002C8861 /* Release */ = {
			isa = XCBuildConfiguration;
			buildSettings = {
				INFOPLIST_FILE = HBProgressHUDdemoUITests/Info.plist;
				LD_RUNPATH_SEARCH_PATHS = "$(inherited) @executable_path/Frameworks @loader_path/Frameworks";
				PRODUCT_BUNDLE_IDENTIFIER = com.tianjian.HBProgressHUDdemoUITests;
				PRODUCT_NAME = "$(TARGET_NAME)";
				TEST_TARGET_NAME = HBProgressHUDdemo;
			};
			name = Release;
		};
/* End XCBuildConfiguration section */

/* Begin XCConfigurationList section */
		D73E947B1ECE84B9002C8861 /* Build configuration list for PBXProject "HBProgressHUDdemo" */ = {
			isa = XCConfigurationList;
			buildConfigurations = (
				D73E94AB1ECE84B9002C8861 /* Debug */,
				D73E94AC1ECE84B9002C8861 /* Release */,
			);
			defaultConfigurationIsVisible = 0;
			defaultConfigurationName = Release;
		};
		D73E94AD1ECE84B9002C8861 /* Build configuration list for PBXNativeTarget "HBProgressHUDdemo" */ = {
			isa = XCConfigurationList;
			buildConfigurations = (
				D73E94AE1ECE84B9002C8861 /* Debug */,
				D73E94AF1ECE84B9002C8861 /* Release */,
			);
			defaultConfigurationIsVisible = 0;
		};
		D73E94B01ECE84B9002C8861 /* Build configuration list for PBXNativeTarget "HBProgressHUDdemoTests" */ = {
			isa = XCConfigurationList;
			buildConfigurations = (
				D73E94B11ECE84B9002C8861 /* Debug */,
				D73E94B21ECE84B9002C8861 /* Release */,
			);
			defaultConfigurationIsVisible = 0;
		};
		D73E94B31ECE84B9002C8861 /* Build configuration list for PBXNativeTarget "HBProgressHUDdemoUITests" */ = {
			isa = XCConfigurationList;
			buildConfigurations = (
				D73E94B41ECE84B9002C8861 /* Debug */,
				D73E94B51ECE84B9002C8861 /* Release */,
			);
			defaultConfigurationIsVisible = 0;
		};
/* End XCConfigurationList section */
	};
	rootObject = D73E94781ECE84B9002C8861 /* Project object */;
}
